
Microsoft Visual Studio Solution File, Format Version 12.00
# Visual Studio Version 17
VisualStudioVersion = 17.14.36518.9
MinimumVisualStudioVersion = 10.0.40219.1
Project("{FAE04EC0-301F-11D3-BF4B-00C04F79EFBC}") = "01_Process", "01_Process\01_Process.csproj", "{2E8B0CBC-D13E-4EBC-86CA-F1116C4F248D}"
EndProject
Project("{FAE04EC0-301F-11D3-BF4B-00C04F79EFBC}") = "02_TaskManager", "02_TaskManager\02_TaskManager.csproj", "{A993FFEB-DBDA-4575-B99D-42F5C95398AB}"
EndProject
Project("{FAE04EC0-301F-11D3-BF4B-00C04F79EFBC}") = "03_Thread", "03_Tasks\03_Thread.csproj", "{16BD985C-59F2-4D5D-AE43-C69C9A0C5FCF}"
EndProject
Project("{FAE04EC0-301F-11D3-BF4B-00C04F79EFBC}") = "04_ThreadSynchronization", "04_ThreadSynchronization\04_ThreadSynchronization.csproj", "{9D73D697-D6D6-4447-B096-1948A5E6D61E}"
EndProject
Project("{FAE04EC0-301F-11D3-BF4B-00C04F79EFBC}") = "05_Tasks", "05_Tasks\05_Tasks.csproj", "{8AC7BC41-E809-4692-9FA9-6A5C89B848BD}"
EndProject
Project("{FAE04EC0-301F-11D3-BF4B-00C04F79EFBC}") = "06_AsyncAwait", "06_AsyncAwait\06_AsyncAwait.csproj", "{2F5F82F4-7292-4AD6-A5DC-1098CE1DF310}"
EndProject
Project("{FAE04EC0-301F-11D3-BF4B-00C04F79EFBC}") = "07_FileManager", "07_FileManager\07_FileManager.csproj", "{26249D5F-DAD2-4E55-A623-486A994D25EF}"
EndProject
Project("{FAE04EC0-301F-11D3-BF4B-00C04F79EFBC}") = "08_CopyFileManager", "08_CopyFileManager\08_CopyFileManager.csproj", "{6E3A05C1-F9A2-46A9-94A8-0245B2E61479}"
EndProject
Global
	GlobalSection(SolutionConfigurationPlatforms) = preSolution
		Debug|Any CPU = Debug|Any CPU
		Release|Any CPU = Release|Any CPU
	EndGlobalSection
	GlobalSection(ProjectConfigurationPlatforms) = postSolution
		{2E8B0CBC-D13E-4EBC-86CA-F1116C4F248D}.Debug|Any CPU.ActiveCfg = Debug|Any CPU
		{2E8B0CBC-D13E-4EBC-86CA-F1116C4F248D}.Debug|Any CPU.Build.0 = Debug|Any CPU
		{2E8B0CBC-D13E-4EBC-86CA-F1116C4F248D}.Release|Any CPU.ActiveCfg = Release|Any CPU
		{2E8B0CBC-D13E-4EBC-86CA-F1116C4F248D}.Release|Any CPU.Build.0 = Release|Any CPU
		{A993FFEB-DBDA-4575-B99D-42F5C95398AB}.Debug|Any CPU.ActiveCfg = Debug|Any CPU
		{A993FFEB-DBDA-4575-B99D-42F5C95398AB}.Debug|Any CPU.Build.0 = Debug|Any CPU
		{A993FFEB-DBDA-4575-B99D-42F5C95398AB}.Release|Any CPU.ActiveCfg = Release|Any CPU
		{A993FFEB-DBDA-4575-B99D-42F5C95398AB}.Release|Any CPU.Build.0 = Release|Any CPU
		{16BD985C-59F2-4D5D-AE43-C69C9A0C5FCF}.Debug|Any CPU.ActiveCfg = Debug|Any CPU
		{16BD985C-59F2-4D5D-AE43-C69C9A0C5FCF}.Debug|Any CPU.Build.0 = Debug|Any CPU
		{16BD985C-59F2-4D5D-AE43-C69C9A0C5FCF}.Release|Any CPU.ActiveCfg = Release|Any CPU
		{16BD985C-59F2-4D5D-AE43-C69C9A0C5FCF}.Release|Any CPU.Build.0 = Release|Any CPU
		{9D73D697-D6D6-4447-B096-1948A5E6D61E}.Debug|Any CPU.ActiveCfg = Debug|Any CPU
		{9D73D697-D6D6-4447-B096-1948A5E6D61E}.Debug|Any CPU.Build.0 = Debug|Any CPU
		{9D73D697-D6D6-4447-B096-1948A5E6D61E}.Release|Any CPU.ActiveCfg = Release|Any CPU
		{9D73D697-D6D6-4447-B096-1948A5E6D61E}.Release|Any CPU.Build.0 = Release|Any CPU
		{8AC7BC41-E809-4692-9FA9-6A5C89B848BD}.Debug|Any CPU.ActiveCfg = Debug|Any CPU
		{8AC7BC41-E809-4692-9FA9-6A5C89B848BD}.Debug|Any CPU.Build.0 = Debug|Any CPU
		{8AC7BC41-E809-4692-9FA9-6A5C89B848BD}.Release|Any CPU.ActiveCfg = Release|Any CPU
		{8AC7BC41-E809-4692-9FA9-6A5C89B848BD}.Release|Any CPU.Build.0 = Release|Any CPU
		{2F5F82F4-7292-4AD6-A5DC-1098CE1DF310}.Debug|Any CPU.ActiveCfg = Debug|Any CPU
		{2F5F82F4-7292-4AD6-A5DC-1098CE1DF310}.Debug|Any CPU.Build.0 = Debug|Any CPU
		{2F5F82F4-7292-4AD6-A5DC-1098CE1DF310}.Release|Any CPU.ActiveCfg = Release|Any CPU
		{2F5F82F4-7292-4AD6-A5DC-1098CE1DF310}.Release|Any CPU.Build.0 = Release|Any CPU
		{26249D5F-DAD2-4E55-A623-486A994D25EF}.Debug|Any CPU.ActiveCfg = Debug|Any CPU
		{26249D5F-DAD2-4E55-A623-486A994D25EF}.Debug|Any CPU.Build.0 = Debug|Any CPU
		{26249D5F-DAD2-4E55-A623-486A994D25EF}.Release|Any CPU.ActiveCfg = Release|Any CPU
		{26249D5F-DAD2-4E55-A623-486A994D25EF}.Release|Any CPU.Build.0 = Release|Any CPU
		{6E3A05C1-F9A2-46A9-94A8-0245B2E61479}.Debug|Any CPU.ActiveCfg = Debug|Any CPU
		{6E3A05C1-F9A2-46A9-94A8-0245B2E61479}.Debug|Any CPU.Build.0 = Debug|Any CPU
		{6E3A05C1-F9A2-46A9-94A8-0245B2E61479}.Release|Any CPU.ActiveCfg = Release|Any CPU
		{6E3A05C1-F9A2-46A9-94A8-0245B2E61479}.Release|Any CPU.Build.0 = Release|Any CPU
	EndGlobalSection
	GlobalSection(SolutionProperties) = preSolution
		HideSolutionNode = FALSE
	EndGlobalSection
	GlobalSection(ExtensibilityGlobals) = postSolution
		SolutionGuid = {B705ED45-C0F7-474D-BAAF-D77FD0581BFF}
	EndGlobalSection
EndGlobal
